
Microsoft Visual Studio Solution File, Format Version 12.00
Project("{FAE04EC0-301F-11D3-BF4B-00C04F79EFBC}") = "SuperTraders.Presentation", "SuperTraders.Presentation\SuperTraders.Presentation.csproj", "{89D1FFB0-9527-420D-8643-F9073C786DD6}"
EndProject
Project("{FAE04EC0-301F-11D3-BF4B-00C04F79EFBC}") = "SuperTraders.Core", "SuperTraders.Core\SuperTraders.Core.csproj", "{048FF226-EA72-4FC3-967B-8DF3B71850DD}"
EndProject
Project("{FAE04EC0-301F-11D3-BF4B-00C04F79EFBC}") = "SuperTraders.Data", "SuperTraders.Data\SuperTraders.Data.csproj", "{B1ADEA5D-E082-48FB-B9A5-76AB7B159C2E}"
EndProject
Project("{FAE04EC0-301F-11D3-BF4B-00C04F79EFBC}") = "SuperTraders.Infrastructure", "SuperTraders.Infrastructure\SuperTraders.Infrastructure.csproj", "{F20DB843-ABAF-40F0-B38C-004F13D03893}"
EndProject
Project("{FAE04EC0-301F-11D3-BF4B-00C04F79EFBC}") = "SuperTraders.Services", "SuperTraders.Services\SuperTraders.Services.csproj", "{FE6F7937-3279-49A3-9ACD-5F03BDBD66EB}"
EndProject
Global
	GlobalSection(SolutionConfigurationPlatforms) = preSolution
		Debug|Any CPU = Debug|Any CPU
		Release|Any CPU = Release|Any CPU
	EndGlobalSection
	GlobalSection(ProjectConfigurationPlatforms) = postSolution
		{89D1FFB0-9527-420D-8643-F9073C786DD6}.Debug|Any CPU.ActiveCfg = Debug|Any CPU
		{89D1FFB0-9527-420D-8643-F9073C786DD6}.Debug|Any CPU.Build.0 = Debug|Any CPU
		{89D1FFB0-9527-420D-8643-F9073C786DD6}.Release|Any CPU.ActiveCfg = Release|Any CPU
		{89D1FFB0-9527-420D-8643-F9073C786DD6}.Release|Any CPU.Build.0 = Release|Any CPU
		{048FF226-EA72-4FC3-967B-8DF3B71850DD}.Debug|Any CPU.ActiveCfg = Debug|Any CPU
		{048FF226-EA72-4FC3-967B-8DF3B71850DD}.Release|Any CPU.ActiveCfg = Release|Any CPU
		{048FF226-EA72-4FC3-967B-8DF3B71850DD}.Release|Any CPU.Build.0 = Release|Any CPU
		{048FF226-EA72-4FC3-967B-8DF3B71850DD}.Debug|Any CPU.Build.0 = Debug|Any CPU
		{B1ADEA5D-E082-48FB-B9A5-76AB7B159C2E}.Debug|Any CPU.ActiveCfg = Debug|Any CPU
		{B1ADEA5D-E082-48FB-B9A5-76AB7B159C2E}.Release|Any CPU.ActiveCfg = Release|Any CPU
		{B1ADEA5D-E082-48FB-B9A5-76AB7B159C2E}.Release|Any CPU.Build.0 = Release|Any CPU
		{B1ADEA5D-E082-48FB-B9A5-76AB7B159C2E}.Debug|Any CPU.Build.0 = Debug|Any CPU
		{F20DB843-ABAF-40F0-B38C-004F13D03893}.Debug|Any CPU.ActiveCfg = Debug|Any CPU
		{F20DB843-ABAF-40F0-B38C-004F13D03893}.Release|Any CPU.ActiveCfg = Release|Any CPU
		{F20DB843-ABAF-40F0-B38C-004F13D03893}.Release|Any CPU.Build.0 = Release|Any CPU
		{F20DB843-ABAF-40F0-B38C-004F13D03893}.Debug|Any CPU.Build.0 = Debug|Any CPU
		{FE6F7937-3279-49A3-9ACD-5F03BDBD66EB}.Debug|Any CPU.ActiveCfg = Debug|Any CPU
		{FE6F7937-3279-49A3-9ACD-5F03BDBD66EB}.Release|Any CPU.ActiveCfg = Release|Any CPU
		{FE6F7937-3279-49A3-9ACD-5F03BDBD66EB}.Release|Any CPU.Build.0 = Release|Any CPU
		{FE6F7937-3279-49A3-9ACD-5F03BDBD66EB}.Debug|Any CPU.Build.0 = Debug|Any CPU
	EndGlobalSection
EndGlobal
